
Microsoft Visual Studio Solution File, Format Version 12.00
# Visual Studio 2013
VisualStudioVersion = 12.0.21005.1
MinimumVisualStudioVersion = 10.0.40219.1
Project("{FAE04EC0-301F-11D3-BF4B-00C04F79EFBC}") = "vzr-common", "vzr-common\vzr-common.csproj", "{7A4D3229-4B09-444E-9AB8-77F7019F46D2}"
EndProject
Project("{FAE04EC0-301F-11D3-BF4B-00C04F79EFBC}") = "Common", "Common\Common.csproj", "{F7AB6829-7915-4558-92AD-BE76F35CC15E}"
EndProject
Project("{FAE04EC0-301F-11D3-BF4B-00C04F79EFBC}") = "GeneratePageRef", "GeneratePageRef\GeneratePageRef.csproj", "{6F844402-4B6E-4DE0-8C99-07449E10F47B}"
EndProject
Project("{FAE04EC0-301F-11D3-BF4B-00C04F79EFBC}") = "PdfUtility", "PdfUtility\PdfUtility.csproj", "{058A2322-92CF-4AAE-A718-739A04958FCD}"
EndProject
Project("{FAE04EC0-301F-11D3-BF4B-00C04F79EFBC}") = "FED", "FED\FED.csproj", "{F510D0B0-3891-4329-8BB7-190A01747DA6}"
EndProject
Project("{FAE04EC0-301F-11D3-BF4B-00C04F79EFBC}") = "HotFix", "HotFix\HotFix.csproj", "{3ED742AB-CA18-4C66-9173-BB535FC47001}"
EndProject
Global
	GlobalSection(SolutionConfigurationPlatforms) = preSolution
		Debug|Any CPU = Debug|Any CPU
		Release|Any CPU = Release|Any CPU
	EndGlobalSection
	GlobalSection(ProjectConfigurationPlatforms) = postSolution
		{7A4D3229-4B09-444E-9AB8-77F7019F46D2}.Debug|Any CPU.ActiveCfg = Debug|Any CPU
		{7A4D3229-4B09-444E-9AB8-77F7019F46D2}.Debug|Any CPU.Build.0 = Debug|Any CPU
		{7A4D3229-4B09-444E-9AB8-77F7019F46D2}.Release|Any CPU.ActiveCfg = Release|Any CPU
		{7A4D3229-4B09-444E-9AB8-77F7019F46D2}.Release|Any CPU.Build.0 = Release|Any CPU
		{F7AB6829-7915-4558-92AD-BE76F35CC15E}.Debug|Any CPU.ActiveCfg = Debug|Any CPU
		{F7AB6829-7915-4558-92AD-BE76F35CC15E}.Debug|Any CPU.Build.0 = Debug|Any CPU
		{F7AB6829-7915-4558-92AD-BE76F35CC15E}.Release|Any CPU.ActiveCfg = Release|Any CPU
		{F7AB6829-7915-4558-92AD-BE76F35CC15E}.Release|Any CPU.Build.0 = Release|Any CPU
		{6F844402-4B6E-4DE0-8C99-07449E10F47B}.Debug|Any CPU.ActiveCfg = Debug|Any CPU
		{6F844402-4B6E-4DE0-8C99-07449E10F47B}.Debug|Any CPU.Build.0 = Debug|Any CPU
		{6F844402-4B6E-4DE0-8C99-07449E10F47B}.Release|Any CPU.ActiveCfg = Release|Any CPU
		{6F844402-4B6E-4DE0-8C99-07449E10F47B}.Release|Any CPU.Build.0 = Release|Any CPU
		{058A2322-92CF-4AAE-A718-739A04958FCD}.Debug|Any CPU.ActiveCfg = Debug|Any CPU
		{058A2322-92CF-4AAE-A718-739A04958FCD}.Debug|Any CPU.Build.0 = Debug|Any CPU
		{058A2322-92CF-4AAE-A718-739A04958FCD}.Release|Any CPU.ActiveCfg = Release|Any CPU
		{058A2322-92CF-4AAE-A718-739A04958FCD}.Release|Any CPU.Build.0 = Release|Any CPU
		{F510D0B0-3891-4329-8BB7-190A01747DA6}.Debug|Any CPU.ActiveCfg = Debug|Any CPU
		{F510D0B0-3891-4329-8BB7-190A01747DA6}.Debug|Any CPU.Build.0 = Debug|Any CPU
		{F510D0B0-3891-4329-8BB7-190A01747DA6}.Release|Any CPU.ActiveCfg = Release|Any CPU
		{F510D0B0-3891-4329-8BB7-190A01747DA6}.Release|Any CPU.Build.0 = Release|Any CPU
		{3ED742AB-CA18-4C66-9173-BB535FC47001}.Debug|Any CPU.ActiveCfg = Debug|Any CPU
		{3ED742AB-CA18-4C66-9173-BB535FC47001}.Debug|Any CPU.Build.0 = Debug|Any CPU
		{3ED742AB-CA18-4C66-9173-BB535FC47001}.Release|Any CPU.ActiveCfg = Release|Any CPU
		{3ED742AB-CA18-4C66-9173-BB535FC47001}.Release|Any CPU.Build.0 = Release|Any CPU
	EndGlobalSection
	GlobalSection(SolutionProperties) = preSolution
		HideSolutionNode = FALSE
	EndGlobalSection
EndGlobal
